// !$*UTF8*$!
{
	archiveVersion = 1;
	classes = {
	};
	objectVersion = 56;
	objects = {

/* Begin PBXBuildFile section */
		0922B48C2BF60FFC00375953 /* SettingView.swift in Sources */ = {isa = PBXBuildFile; fileRef = 0922B48B2BF60FFC00375953 /* SettingView.swift */; };
		0922B48E2BF6100900375953 /* SettingViewFeature.swift in Sources */ = {isa = PBXBuildFile; fileRef = 0922B48D2BF6100900375953 /* SettingViewFeature.swift */; };
		0922B4902BF649E900375953 /* UpdateUserNameView.swift in Sources */ = {isa = PBXBuildFile; fileRef = 0922B48F2BF649E900375953 /* UpdateUserNameView.swift */; };
		0922B4922BF6514900375953 /* UpdateUserNameFeature.swift in Sources */ = {isa = PBXBuildFile; fileRef = 0922B4912BF6514900375953 /* UpdateUserNameFeature.swift */; };
		0922B4942BF6561300375953 /* String +.swift in Sources */ = {isa = PBXBuildFile; fileRef = 0922B4932BF6561300375953 /* String +.swift */; };
		0922B4962BF673F100375953 /* AppLocalized.swift in Sources */ = {isa = PBXBuildFile; fileRef = 0922B4952BF673F100375953 /* AppLocalized.swift */; };
		0922B4982BFAF02E00375953 /* Date +.swift in Sources */ = {isa = PBXBuildFile; fileRef = 0922B4972BFAF02E00375953 /* Date +.swift */; };
		0922B49B2BFC83F400375953 /* ZIPFoundation in Frameworks */ = {isa = PBXBuildFile; productRef = 0922B49A2BFC83F400375953 /* ZIPFoundation */; };
		0922B49D2BFC931F00375953 /* loading.json in Resources */ = {isa = PBXBuildFile; fileRef = 0922B49C2BFC931F00375953 /* loading.json */; };
		0922B49F2BFD166400375953 /* ActivityView.swift in Sources */ = {isa = PBXBuildFile; fileRef = 0922B49E2BFD166400375953 /* ActivityView.swift */; };
		095131622B31216200F6BC4C /* Formatter.swift in Sources */ = {isa = PBXBuildFile; fileRef = 095131612B31216200F6BC4C /* Formatter.swift */; };
		09731F7D2B26C5980045F6B4 /* OnboardingView.swift in Sources */ = {isa = PBXBuildFile; fileRef = 09731F7C2B26C5980045F6B4 /* OnboardingView.swift */; };
		09731F8A2B26D12A0045F6B4 /* CustomButtons.swift in Sources */ = {isa = PBXBuildFile; fileRef = 09731F892B26D12A0045F6B4 /* CustomButtons.swift */; };
		09731F8C2B26D1500045F6B4 /* ButtonStyle +.swift in Sources */ = {isa = PBXBuildFile; fileRef = 09731F8B2B26D1500045F6B4 /* ButtonStyle +.swift */; };
		09AB7CE42B26A1350073EAD5 /* MomentApp.swift in Sources */ = {isa = PBXBuildFile; fileRef = 09AB7CE32B26A1350073EAD5 /* MomentApp.swift */; };
		09AB7CE62B26A1350073EAD5 /* AppContentView.swift in Sources */ = {isa = PBXBuildFile; fileRef = 09AB7CE52B26A1350073EAD5 /* AppContentView.swift */; };
		09AB7CE82B26A1370073EAD5 /* Assets.xcassets in Resources */ = {isa = PBXBuildFile; fileRef = 09AB7CE72B26A1370073EAD5 /* Assets.xcassets */; };
		09AB7CEB2B26A1370073EAD5 /* Preview Assets.xcassets in Resources */ = {isa = PBXBuildFile; fileRef = 09AB7CEA2B26A1370073EAD5 /* Preview Assets.xcassets */; };
		09AB7CF22B26A1660073EAD5 /* Colors.xcassets in Resources */ = {isa = PBXBuildFile; fileRef = 09AB7CF12B26A1660073EAD5 /* Colors.xcassets */; };
		09AB7D032B26A4310073EAD5 /* Bundle +.swift in Sources */ = {isa = PBXBuildFile; fileRef = 09AB7D022B26A4310073EAD5 /* Bundle +.swift */; };
		09AB7D052B26A5500073EAD5 /* Font +.swift in Sources */ = {isa = PBXBuildFile; fileRef = 09AB7D042B26A5500073EAD5 /* Font +.swift */; };
		09AB7D122B26A73C0073EAD5 /* Pretendard-SemiBold.otf in Resources */ = {isa = PBXBuildFile; fileRef = 09AB7D092B26A73B0073EAD5 /* Pretendard-SemiBold.otf */; };
		09AB7D132B26A73C0073EAD5 /* Pretendard-Light.otf in Resources */ = {isa = PBXBuildFile; fileRef = 09AB7D0A2B26A73B0073EAD5 /* Pretendard-Light.otf */; };
		09AB7D142B26A73C0073EAD5 /* Pretendard-Regular.otf in Resources */ = {isa = PBXBuildFile; fileRef = 09AB7D0B2B26A73B0073EAD5 /* Pretendard-Regular.otf */; };
		09AB7D162B26A73C0073EAD5 /* Pretendard-Bold.otf in Resources */ = {isa = PBXBuildFile; fileRef = 09AB7D0D2B26A73B0073EAD5 /* Pretendard-Bold.otf */; };
		09AB7D192B26A73C0073EAD5 /* Pretendard-Medium.otf in Resources */ = {isa = PBXBuildFile; fileRef = 09AB7D102B26A73C0073EAD5 /* Pretendard-Medium.otf */; };
		09B59C512BB31F64009900E5 /* ComposableArchitecture in Frameworks */ = {isa = PBXBuildFile; productRef = 09B59C502BB31F64009900E5 /* ComposableArchitecture */; };
		09B59C552BB32372009900E5 /* AppContentViewFeature.swift in Sources */ = {isa = PBXBuildFile; fileRef = 09B59C542BB32372009900E5 /* AppContentViewFeature.swift */; };
		09B59C5E2BB33AE8009900E5 /* Database.swift in Sources */ = {isa = PBXBuildFile; fileRef = 09B59C5D2BB33AE8009900E5 /* Database.swift */; };
		09B59C622BB33F4B009900E5 /* SwiftDataService.swift in Sources */ = {isa = PBXBuildFile; fileRef = 09B59C612BB33F4B009900E5 /* SwiftDataService.swift */; };
		09B59C672BB4088D009900E5 /* HomeView.swift in Sources */ = {isa = PBXBuildFile; fileRef = 09B59C662BB4088D009900E5 /* HomeView.swift */; };
		09B59C692BB4089A009900E5 /* HomeViewFeature.swift in Sources */ = {isa = PBXBuildFile; fileRef = 09B59C682BB4089A009900E5 /* HomeViewFeature.swift */; };
		09B59C6E2BB540D2009900E5 /* Common.swift in Sources */ = {isa = PBXBuildFile; fileRef = 09B59C6D2BB540D2009900E5 /* Common.swift */; };
		09B59C712BB577EC009900E5 /* AppStartFeature.swift in Sources */ = {isa = PBXBuildFile; fileRef = 09B59C702BB577EC009900E5 /* AppStartFeature.swift */; };
		09B59C732BB577F8009900E5 /* AppStartView.swift in Sources */ = {isa = PBXBuildFile; fileRef = 09B59C722BB577F8009900E5 /* AppStartView.swift */; };
		09B59C792BB59153009900E5 /* BookShelf.swift in Sources */ = {isa = PBXBuildFile; fileRef = 09B59C782BB59153009900E5 /* BookShelf.swift */; };
		09B59C7B2BB5D9D0009900E5 /* RecordMap.swift in Sources */ = {isa = PBXBuildFile; fileRef = 09B59C7A2BB5D9D0009900E5 /* RecordMap.swift */; };
		09B59C7F2BB68112009900E5 /* MKCoordinateRegion +.swift in Sources */ = {isa = PBXBuildFile; fileRef = 09B59C7E2BB68112009900E5 /* MKCoordinateRegion +.swift */; };
		09B59C812BB68AA5009900E5 /* Constants.swift in Sources */ = {isa = PBXBuildFile; fileRef = 09B59C802BB68AA5009900E5 /* Constants.swift */; };
		09B59C852BB69A22009900E5 /* AddBookView.swift in Sources */ = {isa = PBXBuildFile; fileRef = 09B59C842BB69A22009900E5 /* AddBookView.swift */; };
		09B59C872BB69B99009900E5 /* AddBookViewFeature.swift in Sources */ = {isa = PBXBuildFile; fileRef = 09B59C862BB69B99009900E5 /* AddBookViewFeature.swift */; };
		09B59C892BB69EA5009900E5 /* NaverBookAPIService.swift in Sources */ = {isa = PBXBuildFile; fileRef = 09B59C882BB69EA5009900E5 /* NaverBookAPIService.swift */; };
		09C31ADE2BDB605400623F5C /* Shared.swift in Sources */ = {isa = PBXBuildFile; fileRef = 09C31ADD2BDB605400623F5C /* Shared.swift */; };
		09C31AE12BDBF33D00623F5C /* Kingfisher in Frameworks */ = {isa = PBXBuildFile; productRef = 09C31AE02BDBF33D00623F5C /* Kingfisher */; };
		09C31AFD2BE4E8DD00623F5C /* NameSettingView.swift in Sources */ = {isa = PBXBuildFile; fileRef = 09C31AFC2BE4E8DD00623F5C /* NameSettingView.swift */; };
		09C31B002BE5130300623F5C /* Lottie in Frameworks */ = {isa = PBXBuildFile; productRef = 09C31AFF2BE5130300623F5C /* Lottie */; };
		09C31B022BE5131B00623F5C /* LottieView.swift in Sources */ = {isa = PBXBuildFile; fileRef = 09C31B012BE5131B00623F5C /* LottieView.swift */; };
		09C31B092BE5164100623F5C /* book.json in Resources */ = {isa = PBXBuildFile; fileRef = 09C31B082BE5164100623F5C /* book.json */; };
		09C31B0B2BE527AE00623F5C /* TextFieldStyle +.swift in Sources */ = {isa = PBXBuildFile; fileRef = 09C31B0A2BE527AE00623F5C /* TextFieldStyle +.swift */; };
		09C31B132BF5D42300623F5C /* FileManagerService.swift in Sources */ = {isa = PBXBuildFile; fileRef = 09C31B122BF5D42200623F5C /* FileManagerService.swift */; };
		09C4BD5C2BB7068B00AEC83D /* AddRecordView.swift in Sources */ = {isa = PBXBuildFile; fileRef = 09C4BD5B2BB7068B00AEC83D /* AddRecordView.swift */; };
		09C4BD5E2BB7084E00AEC83D /* AddRecordViewFeature.swift in Sources */ = {isa = PBXBuildFile; fileRef = 09C4BD5D2BB7084E00AEC83D /* AddRecordViewFeature.swift */; };
		09C4BD602BB7220C00AEC83D /* LocationManagerService.swift in Sources */ = {isa = PBXBuildFile; fileRef = 09C4BD5F2BB7220C00AEC83D /* LocationManagerService.swift */; };
		09C4BD632BBDA05000AEC83D /* RecordListView.swift in Sources */ = {isa = PBXBuildFile; fileRef = 09C4BD622BBDA05000AEC83D /* RecordListView.swift */; };
		09C4BD652BBDA0FB00AEC83D /* RecordListViewFeature.swift in Sources */ = {isa = PBXBuildFile; fileRef = 09C4BD642BBDA0FB00AEC83D /* RecordListViewFeature.swift */; };
		09C4BD682BBE41F200AEC83D /* RecordDetailView.swift in Sources */ = {isa = PBXBuildFile; fileRef = 09C4BD672BBE41F200AEC83D /* RecordDetailView.swift */; };
		09C4BD6A2BBE420400AEC83D /* RecordDetailViewFeature.swift in Sources */ = {isa = PBXBuildFile; fileRef = 09C4BD692BBE420400AEC83D /* RecordDetailViewFeature.swift */; };
		09C4BD6C2BBE79AB00AEC83D /* ImageFullView.swift in Sources */ = {isa = PBXBuildFile; fileRef = 09C4BD6B2BBE79AB00AEC83D /* ImageFullView.swift */; };
		09C4BD6E2BBE79F200AEC83D /* ImageFullViewFeature.swift in Sources */ = {isa = PBXBuildFile; fileRef = 09C4BD6D2BBE79F200AEC83D /* ImageFullViewFeature.swift */; };
		09D774EF2B275D9C00D45EE6 /* CameraSnap.swift in Sources */ = {isa = PBXBuildFile; fileRef = 09D774EE2B275D9C00D45EE6 /* CameraSnap.swift */; };
		09D774F12B275DB700D45EE6 /* PhotoPicker.swift in Sources */ = {isa = PBXBuildFile; fileRef = 09D774F02B275DB700D45EE6 /* PhotoPicker.swift */; };
		09D774FB2B283C2100D45EE6 /* PickerMap.swift in Sources */ = {isa = PBXBuildFile; fileRef = 09D774FA2B283C2100D45EE6 /* PickerMap.swift */; };
		09E3B6D72BC3D9EF001BC529 /* AppStartTests.swift in Sources */ = {isa = PBXBuildFile; fileRef = 09E3B6D62BC3D9EF001BC529 /* AppStartTests.swift */; };
		09E3B6D92BC3DA06001BC529 /* HomeTests.swift in Sources */ = {isa = PBXBuildFile; fileRef = 09E3B6D82BC3DA06001BC529 /* HomeTests.swift */; };
		09E3B6DB2BC3DA1B001BC529 /* AddBookTests.swift in Sources */ = {isa = PBXBuildFile; fileRef = 09E3B6DA2BC3DA1B001BC529 /* AddBookTests.swift */; };
		09E3B6DD2BC3DA23001BC529 /* AddRecordTests.swift in Sources */ = {isa = PBXBuildFile; fileRef = 09E3B6DC2BC3DA23001BC529 /* AddRecordTests.swift */; };
		09E3B6DF2BC3DA2D001BC529 /* RecordListTests.swift in Sources */ = {isa = PBXBuildFile; fileRef = 09E3B6DE2BC3DA2D001BC529 /* RecordListTests.swift */; };
		09E3B6E12BC3DA3B001BC529 /* RecordDetailTests.swift in Sources */ = {isa = PBXBuildFile; fileRef = 09E3B6E02BC3DA3B001BC529 /* RecordDetailTests.swift */; };
		09E3B6E52BC418D0001BC529 /* TestData.swift in Sources */ = {isa = PBXBuildFile; fileRef = 09E3B6E42BC418D0001BC529 /* TestData.swift */; };
		09F6C0572BC0069900C8DBC7 /* APIKEY.plist in Resources */ = {isa = PBXBuildFile; fileRef = 09F6C0562BC0069900C8DBC7 /* APIKEY.plist */; };
		09F9EFEC2C057D5C009DE3A0 /* URL +.swift in Sources */ = {isa = PBXBuildFile; fileRef = 09F9EFEB2C057D5C009DE3A0 /* URL +.swift */; };
		09F9EFEE2C059CC5009DE3A0 /* TextWrapper.swift in Sources */ = {isa = PBXBuildFile; fileRef = 09F9EFED2C059CC5009DE3A0 /* TextWrapper.swift */; };
		09F9EFF82C097E33009DE3A0 /* DocumentPickerView.swift in Sources */ = {isa = PBXBuildFile; fileRef = 09F9EFF72C097E33009DE3A0 /* DocumentPickerView.swift */; };
		2CA6BED92B2733E0002E3589 /* CustomTextField.swift in Sources */ = {isa = PBXBuildFile; fileRef = 2CA6BED82B2733E0002E3589 /* CustomTextField.swift */; };
		2CBA62CE2B2A282500D075B7 /* SplashView.swift in Sources */ = {isa = PBXBuildFile; fileRef = 2CBA62CD2B2A282500D075B7 /* SplashView.swift */; };
		7B39C0C72B2ADC7400460278 /* UIImage +.swift in Sources */ = {isa = PBXBuildFile; fileRef = 7B39C0C62B2ADC7400460278 /* UIImage +.swift */; };
		7B39C0C92B2ADCE000460278 /* SwiftDataModel.swift in Sources */ = {isa = PBXBuildFile; fileRef = 7B39C0C82B2ADCE000460278 /* SwiftDataModel.swift */; };
		7B39C0CB2B2AFCC700460278 /* BookAPIDataModel.swift in Sources */ = {isa = PBXBuildFile; fileRef = 7B39C0CA2B2AFCC700460278 /* BookAPIDataModel.swift */; };
		B1C938592B27E294006EFB70 /* CustomListDivider.swift in Sources */ = {isa = PBXBuildFile; fileRef = B1C938582B27E294006EFB70 /* CustomListDivider.swift */; };
/* End PBXBuildFile section */

/* Begin PBXContainerItemProxy section */
		09E3B6CE2BC3D866001BC529 /* PBXContainerItemProxy */ = {
			isa = PBXContainerItemProxy;
			containerPortal = 09AB7CD82B26A1350073EAD5 /* Project object */;
			proxyType = 1;
			remoteGlobalIDString = 09AB7CDF2B26A1350073EAD5;
			remoteInfo = Moment;
		};
/* End PBXContainerItemProxy section */

/* Begin PBXFileReference section */
		0922B48B2BF60FFC00375953 /* SettingView.swift */ = {isa = PBXFileReference; lastKnownFileType = sourcecode.swift; path = SettingView.swift; sourceTree = "<group>"; };
		0922B48D2BF6100900375953 /* SettingViewFeature.swift */ = {isa = PBXFileReference; lastKnownFileType = sourcecode.swift; path = SettingViewFeature.swift; sourceTree = "<group>"; };
		0922B48F2BF649E900375953 /* UpdateUserNameView.swift */ = {isa = PBXFileReference; lastKnownFileType = sourcecode.swift; path = UpdateUserNameView.swift; sourceTree = "<group>"; };
		0922B4912BF6514900375953 /* UpdateUserNameFeature.swift */ = {isa = PBXFileReference; lastKnownFileType = sourcecode.swift; path = UpdateUserNameFeature.swift; sourceTree = "<group>"; };
		0922B4932BF6561300375953 /* String +.swift */ = {isa = PBXFileReference; lastKnownFileType = sourcecode.swift; path = "String +.swift"; sourceTree = "<group>"; };
		0922B4952BF673F100375953 /* AppLocalized.swift */ = {isa = PBXFileReference; lastKnownFileType = sourcecode.swift; path = AppLocalized.swift; sourceTree = "<group>"; };
		0922B4972BFAF02E00375953 /* Date +.swift */ = {isa = PBXFileReference; lastKnownFileType = sourcecode.swift; path = "Date +.swift"; sourceTree = "<group>"; };
		0922B49C2BFC931F00375953 /* loading.json */ = {isa = PBXFileReference; fileEncoding = 4; lastKnownFileType = text.json; name = loading.json; path = "../../../../../../흐르미/모멘트/loading.json"; sourceTree = "<group>"; };
		0922B49E2BFD166400375953 /* ActivityView.swift */ = {isa = PBXFileReference; lastKnownFileType = sourcecode.swift; path = ActivityView.swift; sourceTree = "<group>"; };
		094F94F82C0F94CC0033ED93 /* MomentTests.xctest */ = {isa = PBXFileReference; explicitFileType = wrapper.cfbundle; includeInIndex = 0; path = MomentTests.xctest; sourceTree = BUILT_PRODUCTS_DIR; };
		095131612B31216200F6BC4C /* Formatter.swift */ = {isa = PBXFileReference; lastKnownFileType = sourcecode.swift; path = Formatter.swift; sourceTree = "<group>"; };
		09731F7C2B26C5980045F6B4 /* OnboardingView.swift */ = {isa = PBXFileReference; lastKnownFileType = sourcecode.swift; path = OnboardingView.swift; sourceTree = "<group>"; };
		09731F892B26D12A0045F6B4 /* CustomButtons.swift */ = {isa = PBXFileReference; lastKnownFileType = sourcecode.swift; path = CustomButtons.swift; sourceTree = "<group>"; };
		09731F8B2B26D1500045F6B4 /* ButtonStyle +.swift */ = {isa = PBXFileReference; lastKnownFileType = sourcecode.swift; path = "ButtonStyle +.swift"; sourceTree = "<group>"; };
		09AB7CE32B26A1350073EAD5 /* MomentApp.swift */ = {isa = PBXFileReference; lastKnownFileType = sourcecode.swift; path = MomentApp.swift; sourceTree = "<group>"; };
		09AB7CE52B26A1350073EAD5 /* AppContentView.swift */ = {isa = PBXFileReference; lastKnownFileType = sourcecode.swift; path = AppContentView.swift; sourceTree = "<group>"; };
		09AB7CE72B26A1370073EAD5 /* Assets.xcassets */ = {isa = PBXFileReference; lastKnownFileType = folder.assetcatalog; path = Assets.xcassets; sourceTree = "<group>"; };
		09AB7CEA2B26A1370073EAD5 /* Preview Assets.xcassets */ = {isa = PBXFileReference; lastKnownFileType = folder.assetcatalog; path = "Preview Assets.xcassets"; sourceTree = "<group>"; };
		09AB7CF12B26A1660073EAD5 /* Colors.xcassets */ = {isa = PBXFileReference; lastKnownFileType = folder.assetcatalog; path = Colors.xcassets; sourceTree = "<group>"; };
		09AB7D022B26A4310073EAD5 /* Bundle +.swift */ = {isa = PBXFileReference; lastKnownFileType = sourcecode.swift; path = "Bundle +.swift"; sourceTree = "<group>"; };
		09AB7D042B26A5500073EAD5 /* Font +.swift */ = {isa = PBXFileReference; lastKnownFileType = sourcecode.swift; path = "Font +.swift"; sourceTree = "<group>"; };
		09AB7D092B26A73B0073EAD5 /* Pretendard-SemiBold.otf */ = {isa = PBXFileReference; lastKnownFileType = file; path = "Pretendard-SemiBold.otf"; sourceTree = "<group>"; };
		09AB7D0A2B26A73B0073EAD5 /* Pretendard-Light.otf */ = {isa = PBXFileReference; lastKnownFileType = file; path = "Pretendard-Light.otf"; sourceTree = "<group>"; };
		09AB7D0B2B26A73B0073EAD5 /* Pretendard-Regular.otf */ = {isa = PBXFileReference; lastKnownFileType = file; path = "Pretendard-Regular.otf"; sourceTree = "<group>"; };
		09AB7D0D2B26A73B0073EAD5 /* Pretendard-Bold.otf */ = {isa = PBXFileReference; lastKnownFileType = file; path = "Pretendard-Bold.otf"; sourceTree = "<group>"; };
		09AB7D102B26A73C0073EAD5 /* Pretendard-Medium.otf */ = {isa = PBXFileReference; lastKnownFileType = file; path = "Pretendard-Medium.otf"; sourceTree = "<group>"; };
		09AB7D1A2B26A82B0073EAD5 /* Info.plist */ = {isa = PBXFileReference; lastKnownFileType = text.plist; path = Info.plist; sourceTree = "<group>"; };
		09B59C542BB32372009900E5 /* AppContentViewFeature.swift */ = {isa = PBXFileReference; lastKnownFileType = sourcecode.swift; path = AppContentViewFeature.swift; sourceTree = "<group>"; };
		09B59C5D2BB33AE8009900E5 /* Database.swift */ = {isa = PBXFileReference; lastKnownFileType = sourcecode.swift; path = Database.swift; sourceTree = "<group>"; };
		09B59C612BB33F4B009900E5 /* SwiftDataService.swift */ = {isa = PBXFileReference; lastKnownFileType = sourcecode.swift; path = SwiftDataService.swift; sourceTree = "<group>"; };
		09B59C662BB4088D009900E5 /* HomeView.swift */ = {isa = PBXFileReference; lastKnownFileType = sourcecode.swift; path = HomeView.swift; sourceTree = "<group>"; };
		09B59C682BB4089A009900E5 /* HomeViewFeature.swift */ = {isa = PBXFileReference; lastKnownFileType = sourcecode.swift; path = HomeViewFeature.swift; sourceTree = "<group>"; };
		09B59C6D2BB540D2009900E5 /* Common.swift */ = {isa = PBXFileReference; lastKnownFileType = sourcecode.swift; path = Common.swift; sourceTree = "<group>"; };
		09B59C702BB577EC009900E5 /* AppStartFeature.swift */ = {isa = PBXFileReference; lastKnownFileType = sourcecode.swift; path = AppStartFeature.swift; sourceTree = "<group>"; };
		09B59C722BB577F8009900E5 /* AppStartView.swift */ = {isa = PBXFileReference; lastKnownFileType = sourcecode.swift; path = AppStartView.swift; sourceTree = "<group>"; };
		09B59C782BB59153009900E5 /* BookShelf.swift */ = {isa = PBXFileReference; lastKnownFileType = sourcecode.swift; path = BookShelf.swift; sourceTree = "<group>"; };
		09B59C7A2BB5D9D0009900E5 /* RecordMap.swift */ = {isa = PBXFileReference; lastKnownFileType = sourcecode.swift; path = RecordMap.swift; sourceTree = "<group>"; };
		09B59C7E2BB68112009900E5 /* MKCoordinateRegion +.swift */ = {isa = PBXFileReference; lastKnownFileType = sourcecode.swift; path = "MKCoordinateRegion +.swift"; sourceTree = "<group>"; };
		09B59C802BB68AA5009900E5 /* Constants.swift */ = {isa = PBXFileReference; lastKnownFileType = sourcecode.swift; path = Constants.swift; sourceTree = "<group>"; };
		09B59C842BB69A22009900E5 /* AddBookView.swift */ = {isa = PBXFileReference; lastKnownFileType = sourcecode.swift; path = AddBookView.swift; sourceTree = "<group>"; };
		09B59C862BB69B99009900E5 /* AddBookViewFeature.swift */ = {isa = PBXFileReference; lastKnownFileType = sourcecode.swift; path = AddBookViewFeature.swift; sourceTree = "<group>"; };
		09B59C882BB69EA5009900E5 /* NaverBookAPIService.swift */ = {isa = PBXFileReference; lastKnownFileType = sourcecode.swift; path = NaverBookAPIService.swift; sourceTree = "<group>"; };
		09C31ADD2BDB605400623F5C /* Shared.swift */ = {isa = PBXFileReference; lastKnownFileType = sourcecode.swift; path = Shared.swift; sourceTree = "<group>"; };
		09C31AFC2BE4E8DD00623F5C /* NameSettingView.swift */ = {isa = PBXFileReference; lastKnownFileType = sourcecode.swift; path = NameSettingView.swift; sourceTree = "<group>"; };
		09C31B012BE5131B00623F5C /* LottieView.swift */ = {isa = PBXFileReference; lastKnownFileType = sourcecode.swift; path = LottieView.swift; sourceTree = "<group>"; };
		09C31B082BE5164100623F5C /* book.json */ = {isa = PBXFileReference; fileEncoding = 4; lastKnownFileType = text.json; name = book.json; path = "../../../../../../흐르미/모멘트/book.json"; sourceTree = "<group>"; };
		09C31B0A2BE527AE00623F5C /* TextFieldStyle +.swift */ = {isa = PBXFileReference; lastKnownFileType = sourcecode.swift; path = "TextFieldStyle +.swift"; sourceTree = "<group>"; };
		09C31B122BF5D42200623F5C /* FileManagerService.swift */ = {isa = PBXFileReference; lastKnownFileType = sourcecode.swift; path = FileManagerService.swift; sourceTree = "<group>"; };
		09C4BD5B2BB7068B00AEC83D /* AddRecordView.swift */ = {isa = PBXFileReference; lastKnownFileType = sourcecode.swift; path = AddRecordView.swift; sourceTree = "<group>"; };
		09C4BD5D2BB7084E00AEC83D /* AddRecordViewFeature.swift */ = {isa = PBXFileReference; lastKnownFileType = sourcecode.swift; path = AddRecordViewFeature.swift; sourceTree = "<group>"; };
		09C4BD5F2BB7220C00AEC83D /* LocationManagerService.swift */ = {isa = PBXFileReference; lastKnownFileType = sourcecode.swift; path = LocationManagerService.swift; sourceTree = "<group>"; };
		09C4BD622BBDA05000AEC83D /* RecordListView.swift */ = {isa = PBXFileReference; lastKnownFileType = sourcecode.swift; path = RecordListView.swift; sourceTree = "<group>"; };
		09C4BD642BBDA0FB00AEC83D /* RecordListViewFeature.swift */ = {isa = PBXFileReference; lastKnownFileType = sourcecode.swift; path = RecordListViewFeature.swift; sourceTree = "<group>"; };
		09C4BD672BBE41F200AEC83D /* RecordDetailView.swift */ = {isa = PBXFileReference; lastKnownFileType = sourcecode.swift; path = RecordDetailView.swift; sourceTree = "<group>"; };
		09C4BD692BBE420400AEC83D /* RecordDetailViewFeature.swift */ = {isa = PBXFileReference; lastKnownFileType = sourcecode.swift; path = RecordDetailViewFeature.swift; sourceTree = "<group>"; };
		09C4BD6B2BBE79AB00AEC83D /* ImageFullView.swift */ = {isa = PBXFileReference; lastKnownFileType = sourcecode.swift; path = ImageFullView.swift; sourceTree = "<group>"; };
		09C4BD6D2BBE79F200AEC83D /* ImageFullViewFeature.swift */ = {isa = PBXFileReference; lastKnownFileType = sourcecode.swift; path = ImageFullViewFeature.swift; sourceTree = "<group>"; };
		09D774EE2B275D9C00D45EE6 /* CameraSnap.swift */ = {isa = PBXFileReference; lastKnownFileType = sourcecode.swift; path = CameraSnap.swift; sourceTree = "<group>"; };
		09D774F02B275DB700D45EE6 /* PhotoPicker.swift */ = {isa = PBXFileReference; lastKnownFileType = sourcecode.swift; path = PhotoPicker.swift; sourceTree = "<group>"; };
		09D774FA2B283C2100D45EE6 /* PickerMap.swift */ = {isa = PBXFileReference; lastKnownFileType = sourcecode.swift; path = PickerMap.swift; sourceTree = "<group>"; };
		09E3B6D62BC3D9EF001BC529 /* AppStartTests.swift */ = {isa = PBXFileReference; lastKnownFileType = sourcecode.swift; path = AppStartTests.swift; sourceTree = "<group>"; };
		09E3B6D82BC3DA06001BC529 /* HomeTests.swift */ = {isa = PBXFileReference; lastKnownFileType = sourcecode.swift; path = HomeTests.swift; sourceTree = "<group>"; };
		09E3B6DA2BC3DA1B001BC529 /* AddBookTests.swift */ = {isa = PBXFileReference; lastKnownFileType = sourcecode.swift; path = AddBookTests.swift; sourceTree = "<group>"; };
		09E3B6DC2BC3DA23001BC529 /* AddRecordTests.swift */ = {isa = PBXFileReference; lastKnownFileType = sourcecode.swift; path = AddRecordTests.swift; sourceTree = "<group>"; };
		09E3B6DE2BC3DA2D001BC529 /* RecordListTests.swift */ = {isa = PBXFileReference; lastKnownFileType = sourcecode.swift; path = RecordListTests.swift; sourceTree = "<group>"; };
		09E3B6E02BC3DA3B001BC529 /* RecordDetailTests.swift */ = {isa = PBXFileReference; lastKnownFileType = sourcecode.swift; path = RecordDetailTests.swift; sourceTree = "<group>"; };
		09E3B6E22BC3E8D4001BC529 /* Moment.app */ = {isa = PBXFileReference; explicitFileType = wrapper.application; includeInIndex = 0; path = Moment.app; sourceTree = BUILT_PRODUCTS_DIR; };
		09E3B6E42BC418D0001BC529 /* TestData.swift */ = {isa = PBXFileReference; lastKnownFileType = sourcecode.swift; path = TestData.swift; sourceTree = "<group>"; };
		09F6C0562BC0069900C8DBC7 /* APIKEY.plist */ = {isa = PBXFileReference; fileEncoding = 4; lastKnownFileType = text.plist.xml; name = APIKEY.plist; path = "../../../../흐르미/모멘트/APIKEY.plist"; sourceTree = "<group>"; };
		09F9EFEB2C057D5C009DE3A0 /* URL +.swift */ = {isa = PBXFileReference; lastKnownFileType = sourcecode.swift; path = "URL +.swift"; sourceTree = "<group>"; };
		09F9EFED2C059CC5009DE3A0 /* TextWrapper.swift */ = {isa = PBXFileReference; lastKnownFileType = sourcecode.swift; path = TextWrapper.swift; sourceTree = "<group>"; };
		09F9EFF72C097E33009DE3A0 /* DocumentPickerView.swift */ = {isa = PBXFileReference; lastKnownFileType = sourcecode.swift; path = DocumentPickerView.swift; sourceTree = "<group>"; };
		2CA6BED82B2733E0002E3589 /* CustomTextField.swift */ = {isa = PBXFileReference; lastKnownFileType = sourcecode.swift; path = CustomTextField.swift; sourceTree = "<group>"; };
		2CBA62CD2B2A282500D075B7 /* SplashView.swift */ = {isa = PBXFileReference; lastKnownFileType = sourcecode.swift; path = SplashView.swift; sourceTree = "<group>"; };
		7B39C0C62B2ADC7400460278 /* UIImage +.swift */ = {isa = PBXFileReference; lastKnownFileType = sourcecode.swift; path = "UIImage +.swift"; sourceTree = "<group>"; };
		7B39C0C82B2ADCE000460278 /* SwiftDataModel.swift */ = {isa = PBXFileReference; lastKnownFileType = sourcecode.swift; path = SwiftDataModel.swift; sourceTree = "<group>"; };
		7B39C0CA2B2AFCC700460278 /* BookAPIDataModel.swift */ = {isa = PBXFileReference; lastKnownFileType = sourcecode.swift; path = BookAPIDataModel.swift; sourceTree = "<group>"; };
		B1C938582B27E294006EFB70 /* CustomListDivider.swift */ = {isa = PBXFileReference; lastKnownFileType = sourcecode.swift; path = CustomListDivider.swift; sourceTree = "<group>"; };
/* End PBXFileReference section */

/* Begin PBXFrameworksBuildPhase section */
		09AB7CDD2B26A1350073EAD5 /* Frameworks */ = {
			isa = PBXFrameworksBuildPhase;
			buildActionMask = 2147483647;
			files = (
				09C31AE12BDBF33D00623F5C /* Kingfisher in Frameworks */,
				09B59C512BB31F64009900E5 /* ComposableArchitecture in Frameworks */,
				09C31B002BE5130300623F5C /* Lottie in Frameworks */,
				0922B49B2BFC83F400375953 /* ZIPFoundation in Frameworks */,
			);
			runOnlyForDeploymentPostprocessing = 0;
		};
		09E3B6C72BC3D866001BC529 /* Frameworks */ = {
			isa = PBXFrameworksBuildPhase;
			buildActionMask = 2147483647;
			files = (
			);
			runOnlyForDeploymentPostprocessing = 0;
		};
/* End PBXFrameworksBuildPhase section */

/* Begin PBXGroup section */
		0922B48A2BF6058700375953 /* Setting */ = {
			isa = PBXGroup;
			children = (
				0922B48B2BF60FFC00375953 /* SettingView.swift */,
				0922B48D2BF6100900375953 /* SettingViewFeature.swift */,
				0922B48F2BF649E900375953 /* UpdateUserNameView.swift */,
				0922B4912BF6514900375953 /* UpdateUserNameFeature.swift */,
				0922B49E2BFD166400375953 /* ActivityView.swift */,
				09F9EFF72C097E33009DE3A0 /* DocumentPickerView.swift */,
			);
			path = Setting;
			sourceTree = "<group>";
		};
		095DE3C52BF5D8210054E0B2 /* Components */ = {
			isa = PBXGroup;
			children = (
				09731F892B26D12A0045F6B4 /* CustomButtons.swift */,
				B1C938582B27E294006EFB70 /* CustomListDivider.swift */,
				2CA6BED82B2733E0002E3589 /* CustomTextField.swift */,
				095131612B31216200F6BC4C /* Formatter.swift */,
				09C31B012BE5131B00623F5C /* LottieView.swift */,
				09F9EFED2C059CC5009DE3A0 /* TextWrapper.swift */,
			);
			path = Components;
			sourceTree = "<group>";
		};
		095DE3C62BF5D82B0054E0B2 /* Extensions */ = {
			isa = PBXGroup;
			children = (
				09AB7D022B26A4310073EAD5 /* Bundle +.swift */,
				09731F8B2B26D1500045F6B4 /* ButtonStyle +.swift */,
				09B59C7E2BB68112009900E5 /* MKCoordinateRegion +.swift */,
				09C31B0A2BE527AE00623F5C /* TextFieldStyle +.swift */,
				7B39C0C62B2ADC7400460278 /* UIImage +.swift */,
				0922B4932BF6561300375953 /* String +.swift */,
				0922B4972BFAF02E00375953 /* Date +.swift */,
				09F9EFEB2C057D5C009DE3A0 /* URL +.swift */,
			);
			path = Extensions;
			sourceTree = "<group>";
		};
		095DE3C72BF5D8690054E0B2 /* AppLocalized */ = {
			isa = PBXGroup;
			children = (
				09B59C802BB68AA5009900E5 /* Constants.swift */,
				0922B4952BF673F100375953 /* AppLocalized.swift */,
			);
			path = AppLocalized;
			sourceTree = "<group>";
		};
		09AB7CD72B26A1350073EAD5 = {
			isa = PBXGroup;
			children = (
				09AB7CE22B26A1350073EAD5 /* Moment */,
				09E3B6CB2BC3D866001BC529 /* MomentTests */,
				09E3B6E22BC3E8D4001BC529 /* Moment.app */,
				094F94F82C0F94CC0033ED93 /* MomentTests.xctest */,
			);
			sourceTree = "<group>";
		};
		09AB7CE22B26A1350073EAD5 /* Moment */ = {
			isa = PBXGroup;
			children = (
				09AB7CE32B26A1350073EAD5 /* MomentApp.swift */,
				09B59C5C2BB33AD2009900E5 /* Service */,
				09B59C522BB32077009900E5 /* AppContent */,
				09B59C6F2BB577C2009900E5 /* Splash + Onboarding + NameSetting */,
				09B59C652BB4087A009900E5 /* Home */,
				09B59C832BB699FE009900E5 /* AddBook */,
				09C4BD5A2BB705D900AEC83D /* AddRecord */,
				09C4BD612BBDA03500AEC83D /* RecordList */,
				09C4BD662BBE417100AEC83D /* RecordDetail */,
				0922B48A2BF6058700375953 /* Setting */,
				09AB7D062B26A70A0073EAD5 /* Resource */,
				09AB7CFE2B26A2C40073EAD5 /* Model */,
				09AB7CE72B26A1370073EAD5 /* Assets.xcassets */,
				09AB7CF12B26A1660073EAD5 /* Colors.xcassets */,
				09AB7D1A2B26A82B0073EAD5 /* Info.plist */,
				09F6C0562BC0069900C8DBC7 /* APIKEY.plist */,
				09AB7CE92B26A1370073EAD5 /* Preview Content */,
			);
			path = Moment;
			sourceTree = "<group>";
		};
		09AB7CE92B26A1370073EAD5 /* Preview Content */ = {
			isa = PBXGroup;
			children = (
				09AB7CEA2B26A1370073EAD5 /* Preview Assets.xcassets */,
			);
			path = "Preview Content";
			sourceTree = "<group>";
		};
		09AB7CFE2B26A2C40073EAD5 /* Model */ = {
			isa = PBXGroup;
			children = (
				7B39C0C82B2ADCE000460278 /* SwiftDataModel.swift */,
				7B39C0CA2B2AFCC700460278 /* BookAPIDataModel.swift */,
			);
			path = Model;
			sourceTree = "<group>";
		};
		09AB7D062B26A70A0073EAD5 /* Resource */ = {
			isa = PBXGroup;
			children = (
				095DE3C72BF5D8690054E0B2 /* AppLocalized */,
				095DE3C62BF5D82B0054E0B2 /* Extensions */,
				095DE3C52BF5D8210054E0B2 /* Components */,
				09B59C532BB32267009900E5 /* Font */,
				09C31B032BE513BF00623F5C /* Lottie */,
			);
			path = Resource;
			sourceTree = "<group>";
		};
		09AB7D072B26A7170073EAD5 /* Pretendard */ = {
			isa = PBXGroup;
			children = (
				09AB7D0D2B26A73B0073EAD5 /* Pretendard-Bold.otf */,
				09AB7D0A2B26A73B0073EAD5 /* Pretendard-Light.otf */,
				09AB7D102B26A73C0073EAD5 /* Pretendard-Medium.otf */,
				09AB7D0B2B26A73B0073EAD5 /* Pretendard-Regular.otf */,
				09AB7D092B26A73B0073EAD5 /* Pretendard-SemiBold.otf */,
			);
			path = Pretendard;
			sourceTree = "<group>";
		};
		09B59C522BB32077009900E5 /* AppContent */ = {
			isa = PBXGroup;
			children = (
				09AB7CE52B26A1350073EAD5 /* AppContentView.swift */,
				09B59C542BB32372009900E5 /* AppContentViewFeature.swift */,
			);
			path = AppContent;
			sourceTree = "<group>";
		};
		09B59C532BB32267009900E5 /* Font */ = {
			isa = PBXGroup;
			children = (
				09AB7D042B26A5500073EAD5 /* Font +.swift */,
				09AB7D072B26A7170073EAD5 /* Pretendard */,
			);
			path = Font;
			sourceTree = "<group>";
		};
		09B59C5C2BB33AD2009900E5 /* Service */ = {
			isa = PBXGroup;
			children = (
				09B59C6D2BB540D2009900E5 /* Common.swift */,
				09B59C5D2BB33AE8009900E5 /* Database.swift */,
				09C31B122BF5D42200623F5C /* FileManagerService.swift */,
				09B59C612BB33F4B009900E5 /* SwiftDataService.swift */,
				09B59C882BB69EA5009900E5 /* NaverBookAPIService.swift */,
				09C4BD5F2BB7220C00AEC83D /* LocationManagerService.swift */,
				09C31ADD2BDB605400623F5C /* Shared.swift */,
			);
			path = Service;
			sourceTree = "<group>";
		};
		09B59C652BB4087A009900E5 /* Home */ = {
			isa = PBXGroup;
			children = (
				09B59C662BB4088D009900E5 /* HomeView.swift */,
				09B59C682BB4089A009900E5 /* HomeViewFeature.swift */,
				09B59C782BB59153009900E5 /* BookShelf.swift */,
				09B59C7A2BB5D9D0009900E5 /* RecordMap.swift */,
			);
			path = Home;
			sourceTree = "<group>";
		};
		09B59C6F2BB577C2009900E5 /* Splash + Onboarding + NameSetting */ = {
			isa = PBXGroup;
			children = (
				09B59C722BB577F8009900E5 /* AppStartView.swift */,
				2CBA62CD2B2A282500D075B7 /* SplashView.swift */,
				09731F7C2B26C5980045F6B4 /* OnboardingView.swift */,
				09C31AFC2BE4E8DD00623F5C /* NameSettingView.swift */,
				09B59C702BB577EC009900E5 /* AppStartFeature.swift */,
			);
			path = "Splash + Onboarding + NameSetting";
			sourceTree = "<group>";
		};
		09B59C832BB699FE009900E5 /* AddBook */ = {
			isa = PBXGroup;
			children = (
				09B59C842BB69A22009900E5 /* AddBookView.swift */,
				09B59C862BB69B99009900E5 /* AddBookViewFeature.swift */,
			);
			path = AddBook;
			sourceTree = "<group>";
		};
		09C31B032BE513BF00623F5C /* Lottie */ = {
			isa = PBXGroup;
			children = (
				09C31B082BE5164100623F5C /* book.json */,
				0922B49C2BFC931F00375953 /* loading.json */,
			);
			path = Lottie;
			sourceTree = "<group>";
		};
		09C4BD5A2BB705D900AEC83D /* AddRecord */ = {
			isa = PBXGroup;
			children = (
				09C4BD5B2BB7068B00AEC83D /* AddRecordView.swift */,
				09C4BD5D2BB7084E00AEC83D /* AddRecordViewFeature.swift */,
				09D774EE2B275D9C00D45EE6 /* CameraSnap.swift */,
				09D774F02B275DB700D45EE6 /* PhotoPicker.swift */,
				09D774FA2B283C2100D45EE6 /* PickerMap.swift */,
			);
			path = AddRecord;
			sourceTree = "<group>";
		};
		09C4BD612BBDA03500AEC83D /* RecordList */ = {
			isa = PBXGroup;
			children = (
				09C4BD622BBDA05000AEC83D /* RecordListView.swift */,
				09C4BD642BBDA0FB00AEC83D /* RecordListViewFeature.swift */,
			);
			path = RecordList;
			sourceTree = "<group>";
		};
		09C4BD662BBE417100AEC83D /* RecordDetail */ = {
			isa = PBXGroup;
			children = (
				09C4BD672BBE41F200AEC83D /* RecordDetailView.swift */,
				09C4BD692BBE420400AEC83D /* RecordDetailViewFeature.swift */,
				09C4BD6B2BBE79AB00AEC83D /* ImageFullView.swift */,
				09C4BD6D2BBE79F200AEC83D /* ImageFullViewFeature.swift */,
			);
			path = RecordDetail;
			sourceTree = "<group>";
		};
		09E3B6CB2BC3D866001BC529 /* MomentTests */ = {
			isa = PBXGroup;
			children = (
				09E3B6E42BC418D0001BC529 /* TestData.swift */,
				09E3B6D62BC3D9EF001BC529 /* AppStartTests.swift */,
				09E3B6D82BC3DA06001BC529 /* HomeTests.swift */,
				09E3B6DA2BC3DA1B001BC529 /* AddBookTests.swift */,
				09E3B6DC2BC3DA23001BC529 /* AddRecordTests.swift */,
				09E3B6DE2BC3DA2D001BC529 /* RecordListTests.swift */,
				09E3B6E02BC3DA3B001BC529 /* RecordDetailTests.swift */,
			);
			path = MomentTests;
			sourceTree = "<group>";
		};
/* End PBXGroup section */

/* Begin PBXNativeTarget section */
		09AB7CDF2B26A1350073EAD5 /* Moment */ = {
			isa = PBXNativeTarget;
			buildConfigurationList = 09AB7CEE2B26A1370073EAD5 /* Build configuration list for PBXNativeTarget "Moment" */;
			buildPhases = (
				09AB7CDC2B26A1350073EAD5 /* Sources */,
				09AB7CDD2B26A1350073EAD5 /* Frameworks */,
				09AB7CDE2B26A1350073EAD5 /* Resources */,
			);
			buildRules = (
			);
			dependencies = (
			);
			name = Moment;
			packageProductDependencies = (
				09B59C502BB31F64009900E5 /* ComposableArchitecture */,
				09C31AE02BDBF33D00623F5C /* Kingfisher */,
				09C31AFF2BE5130300623F5C /* Lottie */,
				0922B49A2BFC83F400375953 /* ZIPFoundation */,
			);
			productName = Moment;
			productReference = 09E3B6E22BC3E8D4001BC529 /* Moment.app */;
			productType = "com.apple.product-type.application";
		};
		09E3B6C92BC3D866001BC529 /* MomentTests */ = {
			isa = PBXNativeTarget;
			buildConfigurationList = 09E3B6D22BC3D866001BC529 /* Build configuration list for PBXNativeTarget "MomentTests" */;
			buildPhases = (
				09E3B6C62BC3D866001BC529 /* Sources */,
				09E3B6C72BC3D866001BC529 /* Frameworks */,
				09E3B6C82BC3D866001BC529 /* Resources */,
			);
			buildRules = (
			);
			dependencies = (
				09E3B6CF2BC3D866001BC529 /* PBXTargetDependency */,
			);
			name = MomentTests;
			packageProductDependencies = (
			);
			productName = MomentTests;
			productReference = 094F94F82C0F94CC0033ED93 /* MomentTests.xctest */;
			productType = "com.apple.product-type.bundle.unit-test";
		};
/* End PBXNativeTarget section */

/* Begin PBXProject section */
		09AB7CD82B26A1350073EAD5 /* Project object */ = {
			isa = PBXProject;
			attributes = {
				BuildIndependentTargetsInParallel = 1;
				LastSwiftUpdateCheck = 1520;
				LastUpgradeCheck = 1520;
				TargetAttributes = {
					09AB7CDF2B26A1350073EAD5 = {
						CreatedOnToolsVersion = 15.0;
					};
					09E3B6C92BC3D866001BC529 = {
						CreatedOnToolsVersion = 15.2;
						TestTargetID = 09AB7CDF2B26A1350073EAD5;
					};
				};
			};
			buildConfigurationList = 09AB7CDB2B26A1350073EAD5 /* Build configuration list for PBXProject "Moment" */;
			compatibilityVersion = "Xcode 14.0";
			developmentRegion = en;
			hasScannedForEncodings = 0;
			knownRegions = (
				en,
				Base,
				ko,
			);
			mainGroup = 09AB7CD72B26A1350073EAD5;
			packageReferences = (
				09B59C4F2BB31F64009900E5 /* XCRemoteSwiftPackageReference "swift-composable-architecture" */,
				09C31ADF2BDBF33D00623F5C /* XCRemoteSwiftPackageReference "Kingfisher" */,
				09C31AFE2BE5130300623F5C /* XCRemoteSwiftPackageReference "lottie-spm" */,
				0922B4992BFC83F400375953 /* XCRemoteSwiftPackageReference "ZIPFoundation" */,
			);
			productRefGroup = 09AB7CD72B26A1350073EAD5;
			projectDirPath = "";
			projectRoot = "";
			targets = (
				09AB7CDF2B26A1350073EAD5 /* Moment */,
				09E3B6C92BC3D866001BC529 /* MomentTests */,
			);
		};
/* End PBXProject section */

/* Begin PBXResourcesBuildPhase section */
		09AB7CDE2B26A1350073EAD5 /* Resources */ = {
			isa = PBXResourcesBuildPhase;
			buildActionMask = 2147483647;
			files = (
				09AB7CF22B26A1660073EAD5 /* Colors.xcassets in Resources */,
				09AB7D162B26A73C0073EAD5 /* Pretendard-Bold.otf in Resources */,
				09AB7D192B26A73C0073EAD5 /* Pretendard-Medium.otf in Resources */,
				09AB7D122B26A73C0073EAD5 /* Pretendard-SemiBold.otf in Resources */,
				0922B49D2BFC931F00375953 /* loading.json in Resources */,
				09C31B092BE5164100623F5C /* book.json in Resources */,
				09AB7D132B26A73C0073EAD5 /* Pretendard-Light.otf in Resources */,
				09AB7D142B26A73C0073EAD5 /* Pretendard-Regular.otf in Resources */,
				09AB7CEB2B26A1370073EAD5 /* Preview Assets.xcassets in Resources */,
				09AB7CE82B26A1370073EAD5 /* Assets.xcassets in Resources */,
				09F6C0572BC0069900C8DBC7 /* APIKEY.plist in Resources */,
			);
			runOnlyForDeploymentPostprocessing = 0;
		};
		09E3B6C82BC3D866001BC529 /* Resources */ = {
			isa = PBXResourcesBuildPhase;
			buildActionMask = 2147483647;
			files = (
			);
			runOnlyForDeploymentPostprocessing = 0;
		};
/* End PBXResourcesBuildPhase section */

/* Begin PBXSourcesBuildPhase section */
		09AB7CDC2B26A1350073EAD5 /* Sources */ = {
			isa = PBXSourcesBuildPhase;
			buildActionMask = 2147483647;
			files = (
				09B59C7F2BB68112009900E5 /* MKCoordinateRegion +.swift in Sources */,
				09C4BD6A2BBE420400AEC83D /* RecordDetailViewFeature.swift in Sources */,
				09C31AFD2BE4E8DD00623F5C /* NameSettingView.swift in Sources */,
				09C4BD682BBE41F200AEC83D /* RecordDetailView.swift in Sources */,
				09C4BD602BB7220C00AEC83D /* LocationManagerService.swift in Sources */,
				09731F7D2B26C5980045F6B4 /* OnboardingView.swift in Sources */,
				0922B49F2BFD166400375953 /* ActivityView.swift in Sources */,
				09B59C852BB69A22009900E5 /* AddBookView.swift in Sources */,
				09B59C692BB4089A009900E5 /* HomeViewFeature.swift in Sources */,
				0922B4902BF649E900375953 /* UpdateUserNameView.swift in Sources */,
				0922B48C2BF60FFC00375953 /* SettingView.swift in Sources */,
				09C31B0B2BE527AE00623F5C /* TextFieldStyle +.swift in Sources */,
				09AB7CE62B26A1350073EAD5 /* AppContentView.swift in Sources */,
				09F9EFEC2C057D5C009DE3A0 /* URL +.swift in Sources */,
				09C31B022BE5131B00623F5C /* LottieView.swift in Sources */,
				09C4BD5E2BB7084E00AEC83D /* AddRecordViewFeature.swift in Sources */,
				B1C938592B27E294006EFB70 /* CustomListDivider.swift in Sources */,
				7B39C0C72B2ADC7400460278 /* UIImage +.swift in Sources */,
				2CBA62CE2B2A282500D075B7 /* SplashView.swift in Sources */,
				09F9EFF82C097E33009DE3A0 /* DocumentPickerView.swift in Sources */,
				09B59C792BB59153009900E5 /* BookShelf.swift in Sources */,
				09B59C812BB68AA5009900E5 /* Constants.swift in Sources */,
				09B59C672BB4088D009900E5 /* HomeView.swift in Sources */,
				0922B4942BF6561300375953 /* String +.swift in Sources */,
				09C4BD6E2BBE79F200AEC83D /* ImageFullViewFeature.swift in Sources */,
				09C4BD652BBDA0FB00AEC83D /* RecordListViewFeature.swift in Sources */,
				09C31B132BF5D42300623F5C /* FileManagerService.swift in Sources */,
				09731F8C2B26D1500045F6B4 /* ButtonStyle +.swift in Sources */,
				0922B4962BF673F100375953 /* AppLocalized.swift in Sources */,
				09B59C712BB577EC009900E5 /* AppStartFeature.swift in Sources */,
				095131622B31216200F6BC4C /* Formatter.swift in Sources */,
				09C31ADE2BDB605400623F5C /* Shared.swift in Sources */,
				09C4BD5C2BB7068B00AEC83D /* AddRecordView.swift in Sources */,
				09B59C5E2BB33AE8009900E5 /* Database.swift in Sources */,
				09B59C6E2BB540D2009900E5 /* Common.swift in Sources */,
				2CA6BED92B2733E0002E3589 /* CustomTextField.swift in Sources */,
				09AB7D052B26A5500073EAD5 /* Font +.swift in Sources */,
				09C4BD632BBDA05000AEC83D /* RecordListView.swift in Sources */,
				7B39C0CB2B2AFCC700460278 /* BookAPIDataModel.swift in Sources */,
				09B59C732BB577F8009900E5 /* AppStartView.swift in Sources */,
				09D774FB2B283C2100D45EE6 /* PickerMap.swift in Sources */,
				09AB7CE42B26A1350073EAD5 /* MomentApp.swift in Sources */,
				09731F8A2B26D12A0045F6B4 /* CustomButtons.swift in Sources */,
				09F9EFEE2C059CC5009DE3A0 /* TextWrapper.swift in Sources */,
				09B59C872BB69B99009900E5 /* AddBookViewFeature.swift in Sources */,
				09D774F12B275DB700D45EE6 /* PhotoPicker.swift in Sources */,
				09B59C892BB69EA5009900E5 /* NaverBookAPIService.swift in Sources */,
				0922B4922BF6514900375953 /* UpdateUserNameFeature.swift in Sources */,
				0922B4982BFAF02E00375953 /* Date +.swift in Sources */,
				0922B48E2BF6100900375953 /* SettingViewFeature.swift in Sources */,
				09B59C622BB33F4B009900E5 /* SwiftDataService.swift in Sources */,
				7B39C0C92B2ADCE000460278 /* SwiftDataModel.swift in Sources */,
				09B59C7B2BB5D9D0009900E5 /* RecordMap.swift in Sources */,
				09C4BD6C2BBE79AB00AEC83D /* ImageFullView.swift in Sources */,
				09B59C552BB32372009900E5 /* AppContentViewFeature.swift in Sources */,
				09D774EF2B275D9C00D45EE6 /* CameraSnap.swift in Sources */,
				09AB7D032B26A4310073EAD5 /* Bundle +.swift in Sources */,
			);
			runOnlyForDeploymentPostprocessing = 0;
		};
		09E3B6C62BC3D866001BC529 /* Sources */ = {
			isa = PBXSourcesBuildPhase;
			buildActionMask = 2147483647;
			files = (
				09E3B6DF2BC3DA2D001BC529 /* RecordListTests.swift in Sources */,
				09E3B6E12BC3DA3B001BC529 /* RecordDetailTests.swift in Sources */,
				09E3B6D92BC3DA06001BC529 /* HomeTests.swift in Sources */,
				09E3B6DB2BC3DA1B001BC529 /* AddBookTests.swift in Sources */,
				09E3B6DD2BC3DA23001BC529 /* AddRecordTests.swift in Sources */,
				09E3B6E52BC418D0001BC529 /* TestData.swift in Sources */,
				09E3B6D72BC3D9EF001BC529 /* AppStartTests.swift in Sources */,
			);
			runOnlyForDeploymentPostprocessing = 0;
		};
/* End PBXSourcesBuildPhase section */

/* Begin PBXTargetDependency section */
		09E3B6CF2BC3D866001BC529 /* PBXTargetDependency */ = {
			isa = PBXTargetDependency;
			target = 09AB7CDF2B26A1350073EAD5 /* Moment */;
			targetProxy = 09E3B6CE2BC3D866001BC529 /* PBXContainerItemProxy */;
		};
/* End PBXTargetDependency section */

/* Begin XCBuildConfiguration section */
		09AB7CEC2B26A1370073EAD5 /* Debug */ = {
			isa = XCBuildConfiguration;
			buildSettings = {
				ALWAYS_SEARCH_USER_PATHS = NO;
				ASSETCATALOG_COMPILER_GENERATE_SWIFT_ASSET_SYMBOL_EXTENSIONS = YES;
				CLANG_ANALYZER_NONNULL = YES;
				CLANG_ANALYZER_NUMBER_OBJECT_CONVERSION = YES_AGGRESSIVE;
				CLANG_CXX_LANGUAGE_STANDARD = "gnu++20";
				CLANG_ENABLE_MODULES = YES;
				CLANG_ENABLE_OBJC_ARC = YES;
				CLANG_ENABLE_OBJC_WEAK = YES;
				CLANG_WARN_BLOCK_CAPTURE_AUTORELEASING = YES;
				CLANG_WARN_BOOL_CONVERSION = YES;
				CLANG_WARN_COMMA = YES;
				CLANG_WARN_CONSTANT_CONVERSION = YES;
				CLANG_WARN_DEPRECATED_OBJC_IMPLEMENTATIONS = YES;
				CLANG_WARN_DIRECT_OBJC_ISA_USAGE = YES_ERROR;
				CLANG_WARN_DOCUMENTATION_COMMENTS = YES;
				CLANG_WARN_EMPTY_BODY = YES;
				CLANG_WARN_ENUM_CONVERSION = YES;
				CLANG_WARN_INFINITE_RECURSION = YES;
				CLANG_WARN_INT_CONVERSION = YES;
				CLANG_WARN_NON_LITERAL_NULL_CONVERSION = YES;
				CLANG_WARN_OBJC_IMPLICIT_RETAIN_SELF = YES;
				CLANG_WARN_OBJC_LITERAL_CONVERSION = YES;
				CLANG_WARN_OBJC_ROOT_CLASS = YES_ERROR;
				CLANG_WARN_QUOTED_INCLUDE_IN_FRAMEWORK_HEADER = YES;
				CLANG_WARN_RANGE_LOOP_ANALYSIS = YES;
				CLANG_WARN_STRICT_PROTOTYPES = YES;
				CLANG_WARN_SUSPICIOUS_MOVE = YES;
				CLANG_WARN_UNGUARDED_AVAILABILITY = YES_AGGRESSIVE;
				CLANG_WARN_UNREACHABLE_CODE = YES;
				CLANG_WARN__DUPLICATE_METHOD_MATCH = YES;
				COPY_PHASE_STRIP = NO;
				DEBUG_INFORMATION_FORMAT = dwarf;
				ENABLE_STRICT_OBJC_MSGSEND = YES;
				ENABLE_TESTABILITY = YES;
				ENABLE_USER_SCRIPT_SANDBOXING = YES;
				GCC_C_LANGUAGE_STANDARD = gnu17;
				GCC_DYNAMIC_NO_PIC = NO;
				GCC_NO_COMMON_BLOCKS = YES;
				GCC_OPTIMIZATION_LEVEL = 0;
				GCC_PREPROCESSOR_DEFINITIONS = (
					"DEBUG=1",
					"$(inherited)",
				);
				GCC_WARN_64_TO_32_BIT_CONVERSION = YES;
				GCC_WARN_ABOUT_RETURN_TYPE = YES_ERROR;
				GCC_WARN_UNDECLARED_SELECTOR = YES;
				GCC_WARN_UNINITIALIZED_AUTOS = YES_AGGRESSIVE;
				GCC_WARN_UNUSED_FUNCTION = YES;
				GCC_WARN_UNUSED_VARIABLE = YES;
				IPHONEOS_DEPLOYMENT_TARGET = 17.0;
				LOCALIZATION_PREFERS_STRING_CATALOGS = YES;
				MTL_ENABLE_DEBUG_INFO = INCLUDE_SOURCE;
				MTL_FAST_MATH = YES;
				ONLY_ACTIVE_ARCH = YES;
				SDKROOT = iphoneos;
				SWIFT_ACTIVE_COMPILATION_CONDITIONS = "DEBUG $(inherited)";
				SWIFT_OPTIMIZATION_LEVEL = "-Onone";
			};
			name = Debug;
		};
		09AB7CED2B26A1370073EAD5 /* Release */ = {
			isa = XCBuildConfiguration;
			buildSettings = {
				ALWAYS_SEARCH_USER_PATHS = NO;
				ASSETCATALOG_COMPILER_GENERATE_SWIFT_ASSET_SYMBOL_EXTENSIONS = YES;
				CLANG_ANALYZER_NONNULL = YES;
				CLANG_ANALYZER_NUMBER_OBJECT_CONVERSION = YES_AGGRESSIVE;
				CLANG_CXX_LANGUAGE_STANDARD = "gnu++20";
				CLANG_ENABLE_MODULES = YES;
				CLANG_ENABLE_OBJC_ARC = YES;
				CLANG_ENABLE_OBJC_WEAK = YES;
				CLANG_WARN_BLOCK_CAPTURE_AUTORELEASING = YES;
				CLANG_WARN_BOOL_CONVERSION = YES;
				CLANG_WARN_COMMA = YES;
				CLANG_WARN_CONSTANT_CONVERSION = YES;
				CLANG_WARN_DEPRECATED_OBJC_IMPLEMENTATIONS = YES;
				CLANG_WARN_DIRECT_OBJC_ISA_USAGE = YES_ERROR;
				CLANG_WARN_DOCUMENTATION_COMMENTS = YES;
				CLANG_WARN_EMPTY_BODY = YES;
				CLANG_WARN_ENUM_CONVERSION = YES;
				CLANG_WARN_INFINITE_RECURSION = YES;
				CLANG_WARN_INT_CONVERSION = YES;
				CLANG_WARN_NON_LITERAL_NULL_CONVERSION = YES;
				CLANG_WARN_OBJC_IMPLICIT_RETAIN_SELF = YES;
				CLANG_WARN_OBJC_LITERAL_CONVERSION = YES;
				CLANG_WARN_OBJC_ROOT_CLASS = YES_ERROR;
				CLANG_WARN_QUOTED_INCLUDE_IN_FRAMEWORK_HEADER = YES;
				CLANG_WARN_RANGE_LOOP_ANALYSIS = YES;
				CLANG_WARN_STRICT_PROTOTYPES = YES;
				CLANG_WARN_SUSPICIOUS_MOVE = YES;
				CLANG_WARN_UNGUARDED_AVAILABILITY = YES_AGGRESSIVE;
				CLANG_WARN_UNREACHABLE_CODE = YES;
				CLANG_WARN__DUPLICATE_METHOD_MATCH = YES;
				COPY_PHASE_STRIP = NO;
				DEBUG_INFORMATION_FORMAT = "dwarf-with-dsym";
				ENABLE_NS_ASSERTIONS = NO;
				ENABLE_STRICT_OBJC_MSGSEND = YES;
				ENABLE_USER_SCRIPT_SANDBOXING = YES;
				GCC_C_LANGUAGE_STANDARD = gnu17;
				GCC_NO_COMMON_BLOCKS = YES;
				GCC_WARN_64_TO_32_BIT_CONVERSION = YES;
				GCC_WARN_ABOUT_RETURN_TYPE = YES_ERROR;
				GCC_WARN_UNDECLARED_SELECTOR = YES;
				GCC_WARN_UNINITIALIZED_AUTOS = YES_AGGRESSIVE;
				GCC_WARN_UNUSED_FUNCTION = YES;
				GCC_WARN_UNUSED_VARIABLE = YES;
				IPHONEOS_DEPLOYMENT_TARGET = 17.0;
				LOCALIZATION_PREFERS_STRING_CATALOGS = YES;
				MTL_ENABLE_DEBUG_INFO = NO;
				MTL_FAST_MATH = YES;
				SDKROOT = iphoneos;
				SWIFT_COMPILATION_MODE = wholemodule;
				VALIDATE_PRODUCT = YES;
			};
			name = Release;
		};
		09AB7CEF2B26A1370073EAD5 /* Debug */ = {
			isa = XCBuildConfiguration;
			buildSettings = {
				ASSETCATALOG_COMPILER_APPICON_NAME = AppIcon;
				ASSETCATALOG_COMPILER_GLOBAL_ACCENT_COLOR_NAME = AccentColor;
				CODE_SIGN_STYLE = Automatic;
				CURRENT_PROJECT_VERSION = 2;
				DEVELOPMENT_ASSET_PATHS = "\"Moment/Preview Content\"";
				DEVELOPMENT_TEAM = CT6J74BCFP;
				ENABLE_PREVIEWS = YES;
				GENERATE_INFOPLIST_FILE = YES;
				INFOPLIST_FILE = Moment/Info.plist;
				INFOPLIST_KEY_NSCameraUsageDescription = "기록 작성에 사진을 포함하기 위해 카메라 사용 권한을 허용하시겠습니까?";
				INFOPLIST_KEY_NSLocationAlwaysAndWhenInUseUsageDescription = "기록 작성에 위치를 표시하기 위해 위치 접근 권한을 허용하시겠습니까?";
				INFOPLIST_KEY_NSLocationAlwaysUsageDescription = "기록 작성에 위치를 표시하기 위해 위치 접근 권한을 허용하시겠습니까?";
				INFOPLIST_KEY_NSLocationWhenInUseUsageDescription = "기록 작성에 위치를 표시하기 위해 위치 접근 권한을 허용하시겠습니까?";
				INFOPLIST_KEY_NSPhotoLibraryAddUsageDescription = "기록 작성에 사진을 포함하기 위해 앨범 사용 권한을 허용하시겠습니까?";
				INFOPLIST_KEY_UIApplicationSceneManifest_Generation = YES;
				INFOPLIST_KEY_UIApplicationSupportsIndirectInputEvents = YES;
				INFOPLIST_KEY_UILaunchScreen_Generation = YES;
				INFOPLIST_KEY_UIRequiresFullScreen = YES;
				INFOPLIST_KEY_UISupportedInterfaceOrientations = UIInterfaceOrientationPortrait;
				INFOPLIST_KEY_UIUserInterfaceStyle = Light;
				LD_RUNPATH_SEARCH_PATHS = (
					"$(inherited)",
					"@executable_path/Frameworks",
				);
				MARKETING_VERSION = 1.0;
				PRODUCT_BUNDLE_IDENTIFIER = com.Phang.Moment;
				PRODUCT_NAME = "$(TARGET_NAME)";
				SWIFT_EMIT_LOC_STRINGS = YES;
				SWIFT_VERSION = 5.0;
				TARGETED_DEVICE_FAMILY = "1,2";
			};
			name = Debug;
		};
		09AB7CF02B26A1370073EAD5 /* Release */ = {
			isa = XCBuildConfiguration;
			buildSettings = {
				ASSETCATALOG_COMPILER_APPICON_NAME = AppIcon;
				ASSETCATALOG_COMPILER_GLOBAL_ACCENT_COLOR_NAME = AccentColor;
				CODE_SIGN_STYLE = Automatic;
				CURRENT_PROJECT_VERSION = 2;
				DEVELOPMENT_ASSET_PATHS = "\"Moment/Preview Content\"";
				DEVELOPMENT_TEAM = CT6J74BCFP;
				ENABLE_PREVIEWS = YES;
				GENERATE_INFOPLIST_FILE = YES;
				INFOPLIST_FILE = Moment/Info.plist;
				INFOPLIST_KEY_NSCameraUsageDescription = "기록 작성에 사진을 포함하기 위해 카메라 사용 권한을 허용하시겠습니까?";
				INFOPLIST_KEY_NSLocationAlwaysAndWhenInUseUsageDescription = "기록 작성에 위치를 표시하기 위해 위치 접근 권한을 허용하시겠습니까?";
				INFOPLIST_KEY_NSLocationAlwaysUsageDescription = "기록 작성에 위치를 표시하기 위해 위치 접근 권한을 허용하시겠습니까?";
				INFOPLIST_KEY_NSLocationWhenInUseUsageDescription = "기록 작성에 위치를 표시하기 위해 위치 접근 권한을 허용하시겠습니까?";
				INFOPLIST_KEY_NSPhotoLibraryAddUsageDescription = "기록 작성에 사진을 포함하기 위해 앨범 사용 권한을 허용하시겠습니까?";
				INFOPLIST_KEY_UIApplicationSceneManifest_Generation = YES;
				INFOPLIST_KEY_UIApplicationSupportsIndirectInputEvents = YES;
				INFOPLIST_KEY_UILaunchScreen_Generation = YES;
				INFOPLIST_KEY_UIRequiresFullScreen = YES;
				INFOPLIST_KEY_UISupportedInterfaceOrientations = UIInterfaceOrientationPortrait;
				INFOPLIST_KEY_UIUserInterfaceStyle = Light;
				LD_RUNPATH_SEARCH_PATHS = (
					"$(inherited)",
					"@executable_path/Frameworks",
				);
				MARKETING_VERSION = 1.0;
				PRODUCT_BUNDLE_IDENTIFIER = com.Phang.Moment;
				PRODUCT_NAME = "$(TARGET_NAME)";
				SWIFT_EMIT_LOC_STRINGS = YES;
				SWIFT_VERSION = 5.0;
				TARGETED_DEVICE_FAMILY = "1,2";
			};
			name = Release;
		};
		09E3B6D02BC3D866001BC529 /* Debug */ = {
			isa = XCBuildConfiguration;
			buildSettings = {
				BUNDLE_LOADER = "$(TEST_HOST)";
				CODE_SIGN_STYLE = Automatic;
				CURRENT_PROJECT_VERSION = 1;
				DEVELOPMENT_TEAM = CT6J74BCFP;
				GENERATE_INFOPLIST_FILE = YES;
				IPHONEOS_DEPLOYMENT_TARGET = 17.0;
				MARKETING_VERSION = 1.0;
				PRODUCT_BUNDLE_IDENTIFIER = com.phang.MomentTests;
				PRODUCT_NAME = "$(TARGET_NAME)";
				SWIFT_EMIT_LOC_STRINGS = NO;
				SWIFT_VERSION = 5.0;
				TARGETED_DEVICE_FAMILY = "1,2";
				TEST_HOST = "$(BUILT_PRODUCTS_DIR)/Moment.app/$(BUNDLE_EXECUTABLE_FOLDER_PATH)/Moment";
			};
			name = Debug;
		};
		09E3B6D12BC3D866001BC529 /* Release */ = {
			isa = XCBuildConfiguration;
			buildSettings = {
				BUNDLE_LOADER = "$(TEST_HOST)";
				CODE_SIGN_STYLE = Automatic;
				CURRENT_PROJECT_VERSION = 1;
				DEVELOPMENT_TEAM = CT6J74BCFP;
				GENERATE_INFOPLIST_FILE = YES;
				IPHONEOS_DEPLOYMENT_TARGET = 17.0;
				MARKETING_VERSION = 1.0;
				PRODUCT_BUNDLE_IDENTIFIER = com.phang.MomentTests;
				PRODUCT_NAME = "$(TARGET_NAME)";
				SWIFT_EMIT_LOC_STRINGS = NO;
				SWIFT_VERSION = 5.0;
				TARGETED_DEVICE_FAMILY = "1,2";
				TEST_HOST = "$(BUILT_PRODUCTS_DIR)/Moment.app/$(BUNDLE_EXECUTABLE_FOLDER_PATH)/Moment";
			};
			name = Release;
		};
/* End XCBuildConfiguration section */

/* Begin XCConfigurationList section */
		09AB7CDB2B26A1350073EAD5 /* Build configuration list for PBXProject "Moment" */ = {
			isa = XCConfigurationList;
			buildConfigurations = (
				09AB7CEC2B26A1370073EAD5 /* Debug */,
				09AB7CED2B26A1370073EAD5 /* Release */,
			);
			defaultConfigurationIsVisible = 0;
			defaultConfigurationName = Release;
		};
		09AB7CEE2B26A1370073EAD5 /* Build configuration list for PBXNativeTarget "Moment" */ = {
			isa = XCConfigurationList;
			buildConfigurations = (
				09AB7CEF2B26A1370073EAD5 /* Debug */,
				09AB7CF02B26A1370073EAD5 /* Release */,
			);
			defaultConfigurationIsVisible = 0;
			defaultConfigurationName = Release;
		};
		09E3B6D22BC3D866001BC529 /* Build configuration list for PBXNativeTarget "MomentTests" */ = {
			isa = XCConfigurationList;
			buildConfigurations = (
				09E3B6D02BC3D866001BC529 /* Debug */,
				09E3B6D12BC3D866001BC529 /* Release */,
			);
			defaultConfigurationIsVisible = 0;
			defaultConfigurationName = Release;
		};
/* End XCConfigurationList section */

/* Begin XCRemoteSwiftPackageReference section */
		0922B4992BFC83F400375953 /* XCRemoteSwiftPackageReference "ZIPFoundation" */ = {
			isa = XCRemoteSwiftPackageReference;
			repositoryURL = "https://github.com/weichsel/ZIPFoundation";
			requirement = {
				kind = upToNextMajorVersion;
				minimumVersion = 0.9.19;
			};
		};
		09B59C4F2BB31F64009900E5 /* XCRemoteSwiftPackageReference "swift-composable-architecture" */ = {
			isa = XCRemoteSwiftPackageReference;
			repositoryURL = "https://github.com/pointfreeco/swift-composable-architecture";
			requirement = {
				kind = upToNextMajorVersion;
				minimumVersion = 1.9.2;
			};
		};
		09C31ADF2BDBF33D00623F5C /* XCRemoteSwiftPackageReference "Kingfisher" */ = {
			isa = XCRemoteSwiftPackageReference;
			repositoryURL = "https://github.com/onevcat/Kingfisher";
			requirement = {
				kind = upToNextMajorVersion;
				minimumVersion = 7.11.0;
			};
		};
		09C31AFE2BE5130300623F5C /* XCRemoteSwiftPackageReference "lottie-spm" */ = {
			isa = XCRemoteSwiftPackageReference;
			repositoryURL = "https://github.com/airbnb/lottie-spm.git";
			requirement = {
				kind = upToNextMajorVersion;
				minimumVersion = 4.4.3;
			};
		};
/* End XCRemoteSwiftPackageReference section */

/* Begin XCSwiftPackageProductDependency section */
		0922B49A2BFC83F400375953 /* ZIPFoundation */ = {
			isa = XCSwiftPackageProductDependency;
			package = 0922B4992BFC83F400375953 /* XCRemoteSwiftPackageReference "ZIPFoundation" */;
			productName = ZIPFoundation;
		};
		09B59C502BB31F64009900E5 /* ComposableArchitecture */ = {
			isa = XCSwiftPackageProductDependency;
			package = 09B59C4F2BB31F64009900E5 /* XCRemoteSwiftPackageReference "swift-composable-architecture" */;
			productName = ComposableArchitecture;
		};
		09C31AE02BDBF33D00623F5C /* Kingfisher */ = {
			isa = XCSwiftPackageProductDependency;
			package = 09C31ADF2BDBF33D00623F5C /* XCRemoteSwiftPackageReference "Kingfisher" */;
			productName = Kingfisher;
		};
		09C31AFF2BE5130300623F5C /* Lottie */ = {
			isa = XCSwiftPackageProductDependency;
			package = 09C31AFE2BE5130300623F5C /* XCRemoteSwiftPackageReference "lottie-spm" */;
			productName = Lottie;
		};
/* End XCSwiftPackageProductDependency section */
	};
	rootObject = 09AB7CD82B26A1350073EAD5 /* Project object */;
}
